
Microsoft Visual Studio Solution File, Format Version 12.00
# Visual Studio 15
VisualStudioVersion = 15.0.26730.12
MinimumVisualStudioVersion = 10.0.40219.1
Project("{9A19103F-16F7-4668-BE54-9A1E7A4F7556}") = "p01_Vehicles", "p01_Vehicles\p01_Vehicles.csproj", "{8E348C7A-48B4-4DB4-B332-DE2524FDBC0F}"
EndProject
Project("{FAE04EC0-301F-11D3-BF4B-00C04F79EFBC}") = "p02_VehiclesExtension", "p02_VehiclesExtension\p02_VehiclesExtension.csproj", "{476A4E00-0A54-4ECA-9854-60F74BAC69A8}"
EndProject
Project("{FAE04EC0-301F-11D3-BF4B-00C04F79EFBC}") = "p03_WildFarm", "p03_WildFarm\p03_WildFarm.csproj", "{CAB253E1-C4DA-4F3E-BEBF-BD43961DF4EF}"
EndProject
Global
	GlobalSection(SolutionConfigurationPlatforms) = preSolution
		Debug|Any CPU = Debug|Any CPU
		Release|Any CPU = Release|Any CPU
	EndGlobalSection
	GlobalSection(ProjectConfigurationPlatforms) = postSolution
		{8E348C7A-48B4-4DB4-B332-DE2524FDBC0F}.Debug|Any CPU.ActiveCfg = Debug|Any CPU
		{8E348C7A-48B4-4DB4-B332-DE2524FDBC0F}.Debug|Any CPU.Build.0 = Debug|Any CPU
		{8E348C7A-48B4-4DB4-B332-DE2524FDBC0F}.Release|Any CPU.ActiveCfg = Release|Any CPU
		{8E348C7A-48B4-4DB4-B332-DE2524FDBC0F}.Release|Any CPU.Build.0 = Release|Any CPU
		{476A4E00-0A54-4ECA-9854-60F74BAC69A8}.Debug|Any CPU.ActiveCfg = Debug|Any CPU
		{476A4E00-0A54-4ECA-9854-60F74BAC69A8}.Debug|Any CPU.Build.0 = Debug|Any CPU
		{476A4E00-0A54-4ECA-9854-60F74BAC69A8}.Release|Any CPU.ActiveCfg = Release|Any CPU
		{476A4E00-0A54-4ECA-9854-60F74BAC69A8}.Release|Any CPU.Build.0 = Release|Any CPU
		{CAB253E1-C4DA-4F3E-BEBF-BD43961DF4EF}.Debug|Any CPU.ActiveCfg = Debug|Any CPU
		{CAB253E1-C4DA-4F3E-BEBF-BD43961DF4EF}.Debug|Any CPU.Build.0 = Debug|Any CPU
		{CAB253E1-C4DA-4F3E-BEBF-BD43961DF4EF}.Release|Any CPU.ActiveCfg = Release|Any CPU
		{CAB253E1-C4DA-4F3E-BEBF-BD43961DF4EF}.Release|Any CPU.Build.0 = Release|Any CPU
	EndGlobalSection
	GlobalSection(SolutionProperties) = preSolution
		HideSolutionNode = FALSE
	EndGlobalSection
	GlobalSection(ExtensibilityGlobals) = postSolution
		SolutionGuid = {EED57326-9A3E-4B7D-BB32-FE0C221AF554}
	EndGlobalSection
EndGlobal
